// !$*UTF8*$!
{
	archiveVersion = 1;
	classes = {
	};
	objectVersion = 48;
	objects = {

/* Begin PBXBuildFile section */
		0F38C7C7201D332F00AC9902 /* Bindable.swift in Sources */ = {isa = PBXBuildFile; fileRef = 0F38C7C6201D332F00AC9902 /* Bindable.swift */; };
		530557712087462C0017BCEE /* RecordsManager.swift in Sources */ = {isa = PBXBuildFile; fileRef = 530557702087462C0017BCEE /* RecordsManager.swift */; };
		5305577320879FB80017BCEE /* CountingLabel.swift in Sources */ = {isa = PBXBuildFile; fileRef = 5305577220879FB80017BCEE /* CountingLabel.swift */; };
		53271B152089DD50004D6676 /* GameViewModelTests.swift in Sources */ = {isa = PBXBuildFile; fileRef = 53271B142089DD50004D6676 /* GameViewModelTests.swift */; };
		53338B7D20976BB600D96681 /* EnemyTests.swift in Sources */ = {isa = PBXBuildFile; fileRef = 53338B7C20976BB600D96681 /* EnemyTests.swift */; };
		535CC2AB2084AA59007D7FD6 /* ScoreView.xib in Resources */ = {isa = PBXBuildFile; fileRef = 535CC2AA2084AA59007D7FD6 /* ScoreView.xib */; };
		535CC2AD2084AC15007D7FD6 /* ScoreView.swift in Sources */ = {isa = PBXBuildFile; fileRef = 535CC2AC2084AC15007D7FD6 /* ScoreView.swift */; };
		5366C3822080B61900299A4C /* NodeColliding.swift in Sources */ = {isa = PBXBuildFile; fileRef = 5366C3812080B61900299A4C /* NodeColliding.swift */; };
		536877FF209C9AB500720556 /* LoaderTests.swift in Sources */ = {isa = PBXBuildFile; fileRef = 536877FE209C9AB500720556 /* LoaderTests.swift */; };
		53687802209C9F3B00720556 /* StandardButtonTests.swift in Sources */ = {isa = PBXBuildFile; fileRef = 53687801209C9F3B00720556 /* StandardButtonTests.swift */; };
		53687804209CA84A00720556 /* CountingLabelTests.swift in Sources */ = {isa = PBXBuildFile; fileRef = 53687803209CA84A00720556 /* CountingLabelTests.swift */; };
		53687806209CB0B700720556 /* RubyTests.swift in Sources */ = {isa = PBXBuildFile; fileRef = 53687805209CB0B700720556 /* RubyTests.swift */; };
		53687808209CB2A300720556 /* SplashyTests.swift in Sources */ = {isa = PBXBuildFile; fileRef = 53687807209CB2A300720556 /* SplashyTests.swift */; };
		5368780A209CB6F100720556 /* EnemiesAndRubyTests.swift in Sources */ = {isa = PBXBuildFile; fileRef = 53687809209CB6F100720556 /* EnemiesAndRubyTests.swift */; };
		5368780C209CB92C00720556 /* NibLoadableTests.swift in Sources */ = {isa = PBXBuildFile; fileRef = 5368780B209CB92C00720556 /* NibLoadableTests.swift */; };
		5368780E209CBDC500720556 /* GameOverViewModelMock.swift in Sources */ = {isa = PBXBuildFile; fileRef = 5368780D209CBDC500720556 /* GameOverViewModelMock.swift */; };
		53845F56208A128800C35DFA /* PhysicsComparableTests.swift in Sources */ = {isa = PBXBuildFile; fileRef = 53845F55208A128800C35DFA /* PhysicsComparableTests.swift */; };
		53845F5A208A22E400C35DFA /* LocalizableTests.swift in Sources */ = {isa = PBXBuildFile; fileRef = 53845F59208A22E400C35DFA /* LocalizableTests.swift */; };
		5392702820889066001E21A8 /* RecordsCoordinator.swift in Sources */ = {isa = PBXBuildFile; fileRef = 5392702720889066001E21A8 /* RecordsCoordinator.swift */; };
		5392702A2088906E001E21A8 /* RecordsViewModel.swift in Sources */ = {isa = PBXBuildFile; fileRef = 539270292088906E001E21A8 /* RecordsViewModel.swift */; };
		5392702D20889083001E21A8 /* RecordsViewController.swift in Sources */ = {isa = PBXBuildFile; fileRef = 5392702B20889083001E21A8 /* RecordsViewController.swift */; };
		5392702E20889083001E21A8 /* RecordsViewController.xib in Resources */ = {isa = PBXBuildFile; fileRef = 5392702C20889083001E21A8 /* RecordsViewController.xib */; };
		539270412088EB9B001E21A8 /* SpriteFactoryTests.swift in Sources */ = {isa = PBXBuildFile; fileRef = 539270402088EB9B001E21A8 /* SpriteFactoryTests.swift */; };
		539B56912084B9EF00EBFACC /* BoostType.swift in Sources */ = {isa = PBXBuildFile; fileRef = 539B56902084B9EF00EBFACC /* BoostType.swift */; };
		53E1B09D2089E6B30086BCB7 /* RecordsManagerMock.swift in Sources */ = {isa = PBXBuildFile; fileRef = 53E1B09C2089E6B30086BCB7 /* RecordsManagerMock.swift */; };
		53E1B0A02089F2FB0086BCB7 /* GameOverViewModelTests.swift in Sources */ = {isa = PBXBuildFile; fileRef = 53E1B09F2089F2FB0086BCB7 /* GameOverViewModelTests.swift */; };
		53E1B0A42089FF500086BCB7 /* BoostTypeTests.swift in Sources */ = {isa = PBXBuildFile; fileRef = 53E1B0A32089FF500086BCB7 /* BoostTypeTests.swift */; };
		53E1B0A7208A01250086BCB7 /* CoordinatorTests.swift in Sources */ = {isa = PBXBuildFile; fileRef = 53E1B0A6208A01250086BCB7 /* CoordinatorTests.swift */; };
		53E1B0A9208A04190086BCB7 /* HomeCoordinatorMock.swift in Sources */ = {isa = PBXBuildFile; fileRef = 53E1B0A8208A04190086BCB7 /* HomeCoordinatorMock.swift */; };
		53E1B0AB208A04250086BCB7 /* GameCoordinatorMock.swift in Sources */ = {isa = PBXBuildFile; fileRef = 53E1B0AA208A04250086BCB7 /* GameCoordinatorMock.swift */; };
		53E1B0AE208A07C00086BCB7 /* BindableTests.swift in Sources */ = {isa = PBXBuildFile; fileRef = 53E1B0AD208A07C00086BCB7 /* BindableTests.swift */; };
		53E1B0B2208A0D330086BCB7 /* NodeCollidingTests.swift in Sources */ = {isa = PBXBuildFile; fileRef = 53E1B0B1208A0D330086BCB7 /* NodeCollidingTests.swift */; };
		DF045FC1201A9CA200349006 /* SpriteFactory.swift in Sources */ = {isa = PBXBuildFile; fileRef = DF045FC0201A9CA200349006 /* SpriteFactory.swift */; };
		DF0FC4612017E07E00165600 /* HomeCoordinator.swift in Sources */ = {isa = PBXBuildFile; fileRef = DF0FC4602017E07E00165600 /* HomeCoordinator.swift */; };
		DF0FC4652017E26800165600 /* HomeViewController.swift in Sources */ = {isa = PBXBuildFile; fileRef = DF0FC4632017E26800165600 /* HomeViewController.swift */; };
		DF0FC4662017E26800165600 /* HomeViewController.xib in Resources */ = {isa = PBXBuildFile; fileRef = DF0FC4642017E26800165600 /* HomeViewController.xib */; };
		DF0FC4682017E29600165600 /* HomeViewModel.swift in Sources */ = {isa = PBXBuildFile; fileRef = DF0FC4672017E29600165600 /* HomeViewModel.swift */; };
		DF0FC46A2017E3E700165600 /* Identifiable.swift in Sources */ = {isa = PBXBuildFile; fileRef = DF0FC4692017E3E700165600 /* Identifiable.swift */; };
		DF0FC46E2017E81200165600 /* Roundable.swift in Sources */ = {isa = PBXBuildFile; fileRef = DF0FC46D2017E81200165600 /* Roundable.swift */; };
		DF0FC4712017E8A900165600 /* DesignConstants.swift in Sources */ = {isa = PBXBuildFile; fileRef = DF0FC4702017E8A900165600 /* DesignConstants.swift */; };
		DF0FC4732017E91200165600 /* UIViewController.swift in Sources */ = {isa = PBXBuildFile; fileRef = DF0FC4722017E91200165600 /* UIViewController.swift */; };
		DF0FC4782017ECCF00165600 /* Localizable.strings in Resources */ = {isa = PBXBuildFile; fileRef = DF0FC47A2017ECCF00165600 /* Localizable.strings */; };
		DF0FC47C2017ED0600165600 /* String.swift in Sources */ = {isa = PBXBuildFile; fileRef = DF0FC47B2017ED0600165600 /* String.swift */; };
		DF0FC4852017EEAB00165600 /* GameCoordinator.swift in Sources */ = {isa = PBXBuildFile; fileRef = DF0FC4842017EEAB00165600 /* GameCoordinator.swift */; };
		DF0FC4872017EEB800165600 /* GameViewModel.swift in Sources */ = {isa = PBXBuildFile; fileRef = DF0FC4862017EEB800165600 /* GameViewModel.swift */; };
		DF0FC48C2017EEDC00165600 /* GameViewController.swift in Sources */ = {isa = PBXBuildFile; fileRef = DF0FC48A2017EEDC00165600 /* GameViewController.swift */; };
		DF0FC48D2017EEDC00165600 /* GameViewController.xib in Resources */ = {isa = PBXBuildFile; fileRef = DF0FC48B2017EEDC00165600 /* GameViewController.xib */; };
		DF0FC48F2017F38400165600 /* GameScene.swift in Sources */ = {isa = PBXBuildFile; fileRef = DF0FC48E2017F38400165600 /* GameScene.swift */; };
		DF0FC4912017F40000165600 /* SpriteType.swift in Sources */ = {isa = PBXBuildFile; fileRef = DF0FC4902017F40000165600 /* SpriteType.swift */; };
		DF1CB3E82042282700164F8E /* AnimationEnums.swift in Sources */ = {isa = PBXBuildFile; fileRef = DF1CB3E72042282700164F8E /* AnimationEnums.swift */; };
		DF2D4685201FCA0F00F87D49 /* YIKES!__.TTF in Resources */ = {isa = PBXBuildFile; fileRef = DF2D4684201FCA0F00F87D49 /* YIKES!__.TTF */; };
		DF2D4687201FCC6400F87D49 /* UIView.swift in Sources */ = {isa = PBXBuildFile; fileRef = DF2D4686201FCC6400F87D49 /* UIView.swift */; };
		DF3456D8204ADAB800BBC077 /* NibLoadable.swift in Sources */ = {isa = PBXBuildFile; fileRef = DF3456D7204ADAB800BBC077 /* NibLoadable.swift */; };
		DF3456DA204ADAFE00BBC077 /* Localizable.swift in Sources */ = {isa = PBXBuildFile; fileRef = DF3456D9204ADAFE00BBC077 /* Localizable.swift */; };
		DF3456DC204ADB8400BBC077 /* Randomizable.swift in Sources */ = {isa = PBXBuildFile; fileRef = DF3456DB204ADB8400BBC077 /* Randomizable.swift */; };
		DF3456DE204ADBC700BBC077 /* PhysicsComparable.swift in Sources */ = {isa = PBXBuildFile; fileRef = DF3456DD204ADBC700BBC077 /* PhysicsComparable.swift */; };
		DF3DE3B92044C27E00825680 /* GameOverCoordinator.swift in Sources */ = {isa = PBXBuildFile; fileRef = DF3DE3B82044C27E00825680 /* GameOverCoordinator.swift */; };
		DF3DE3BB2044C28B00825680 /* GameOverViewModel.swift in Sources */ = {isa = PBXBuildFile; fileRef = DF3DE3BA2044C28B00825680 /* GameOverViewModel.swift */; };
		DF3DE3BE2044C2A600825680 /* GameOverViewController.swift in Sources */ = {isa = PBXBuildFile; fileRef = DF3DE3BC2044C2A600825680 /* GameOverViewController.swift */; };
		DF3DE3BF2044C2A600825680 /* GameOverViewController.xib in Resources */ = {isa = PBXBuildFile; fileRef = DF3DE3BD2044C2A600825680 /* GameOverViewController.xib */; };
		DF45A6552016A91200C46D8E /* AppCoordinator.swift in Sources */ = {isa = PBXBuildFile; fileRef = DF45A6542016A91200C46D8E /* AppCoordinator.swift */; };
		DF45A6572016B16900C46D8E /* Coordinator.swift in Sources */ = {isa = PBXBuildFile; fileRef = DF45A6562016B16900C46D8E /* Coordinator.swift */; };
		DF724AFF201BDDA900E4576B /* CGFloat.swift in Sources */ = {isa = PBXBuildFile; fileRef = DF724AFE201BDDA900E4576B /* CGFloat.swift */; };
		DF8C591A201684990022F2CF /* AppDelegate.swift in Sources */ = {isa = PBXBuildFile; fileRef = DF8C5919201684990022F2CF /* AppDelegate.swift */; };
		DF8C5927201684990022F2CF /* Assets.xcassets in Resources */ = {isa = PBXBuildFile; fileRef = DF8C5926201684990022F2CF /* Assets.xcassets */; };
		DF8C592A201684990022F2CF /* LaunchScreen.storyboard in Resources */ = {isa = PBXBuildFile; fileRef = DF8C5928201684990022F2CF /* LaunchScreen.storyboard */; };
		DFA675A7201957AA00543CEE /* GameConstants.swift in Sources */ = {isa = PBXBuildFile; fileRef = DFA675A6201957AA00543CEE /* GameConstants.swift */; };
		DFB9626C201E898B00AF7EBE /* SKPhysicsBody.swift in Sources */ = {isa = PBXBuildFile; fileRef = DFB9626B201E898B00AF7EBE /* SKPhysicsBody.swift */; };
		DFBA9AA72022556900021F19 /* Splashy.swift in Sources */ = {isa = PBXBuildFile; fileRef = DFBA9AA62022556900021F19 /* Splashy.swift */; };
		DFBA9AAB202259F200021F19 /* Loader.swift in Sources */ = {isa = PBXBuildFile; fileRef = DFBA9AAA202259F200021F19 /* Loader.swift */; };
		DFBA9AAD20225D0B00021F19 /* Enemy.swift in Sources */ = {isa = PBXBuildFile; fileRef = DFBA9AAC20225D0B00021F19 /* Enemy.swift */; };
		DFBA9AAF20225DA300021F19 /* EnemiesAndRuby.swift in Sources */ = {isa = PBXBuildFile; fileRef = DFBA9AAE20225DA300021F19 /* EnemiesAndRuby.swift */; };
		DFBA9AB120225DBB00021F19 /* Ruby.swift in Sources */ = {isa = PBXBuildFile; fileRef = DFBA9AB020225DBB00021F19 /* Ruby.swift */; };
		DFC6C44A2045EB3600BAD25D /* GameOverView.swift in Sources */ = {isa = PBXBuildFile; fileRef = DFC6C4492045EB3600BAD25D /* GameOverView.swift */; };
		DFC6C44C2045EB5300BAD25D /* GameOverView.xib in Resources */ = {isa = PBXBuildFile; fileRef = DFC6C44B2045EB5300BAD25D /* GameOverView.xib */; };
		DFECCC1C20630E02000A6BDD /* Assets.swift in Sources */ = {isa = PBXBuildFile; fileRef = DFECCC1B20630E02000A6BDD /* Assets.swift */; };
		DFF3202A2061B90C00DCCB49 /* StandardButton.swift in Sources */ = {isa = PBXBuildFile; fileRef = DFF320292061B90C00DCCB49 /* StandardButton.swift */; };
/* End PBXBuildFile section */

/* Begin PBXContainerItemProxy section */
		539270382088EACA001E21A8 /* PBXContainerItemProxy */ = {
			isa = PBXContainerItemProxy;
			containerPortal = DF8C590E201684990022F2CF /* Project object */;
			proxyType = 1;
			remoteGlobalIDString = DF8C5915201684990022F2CF;
			remoteInfo = Splashy;
		};
/* End PBXContainerItemProxy section */

/* Begin PBXFileReference section */
		0F38C7C6201D332F00AC9902 /* Bindable.swift */ = {isa = PBXFileReference; lastKnownFileType = sourcecode.swift; path = Bindable.swift; sourceTree = "<group>"; };
		530557702087462C0017BCEE /* RecordsManager.swift */ = {isa = PBXFileReference; lastKnownFileType = sourcecode.swift; path = RecordsManager.swift; sourceTree = "<group>"; };
		5305577220879FB80017BCEE /* CountingLabel.swift */ = {isa = PBXFileReference; lastKnownFileType = sourcecode.swift; path = CountingLabel.swift; sourceTree = "<group>"; };
		53271B142089DD50004D6676 /* GameViewModelTests.swift */ = {isa = PBXFileReference; lastKnownFileType = sourcecode.swift; path = GameViewModelTests.swift; sourceTree = "<group>"; };
		53338B7C20976BB600D96681 /* EnemyTests.swift */ = {isa = PBXFileReference; lastKnownFileType = sourcecode.swift; path = EnemyTests.swift; sourceTree = "<group>"; };
		535CC2AA2084AA59007D7FD6 /* ScoreView.xib */ = {isa = PBXFileReference; lastKnownFileType = file.xib; path = ScoreView.xib; sourceTree = "<group>"; };
		535CC2AC2084AC15007D7FD6 /* ScoreView.swift */ = {isa = PBXFileReference; lastKnownFileType = sourcecode.swift; path = ScoreView.swift; sourceTree = "<group>"; };
		5366C3812080B61900299A4C /* NodeColliding.swift */ = {isa = PBXFileReference; lastKnownFileType = sourcecode.swift; path = NodeColliding.swift; sourceTree = "<group>"; };
		536877FE209C9AB500720556 /* LoaderTests.swift */ = {isa = PBXFileReference; lastKnownFileType = sourcecode.swift; path = LoaderTests.swift; sourceTree = "<group>"; };
		53687801209C9F3B00720556 /* StandardButtonTests.swift */ = {isa = PBXFileReference; lastKnownFileType = sourcecode.swift; path = StandardButtonTests.swift; sourceTree = "<group>"; };
		53687803209CA84A00720556 /* CountingLabelTests.swift */ = {isa = PBXFileReference; lastKnownFileType = sourcecode.swift; path = CountingLabelTests.swift; sourceTree = "<group>"; };
		53687805209CB0B700720556 /* RubyTests.swift */ = {isa = PBXFileReference; lastKnownFileType = sourcecode.swift; path = RubyTests.swift; sourceTree = "<group>"; };
		53687807209CB2A300720556 /* SplashyTests.swift */ = {isa = PBXFileReference; lastKnownFileType = sourcecode.swift; path = SplashyTests.swift; sourceTree = "<group>"; };
		53687809209CB6F100720556 /* EnemiesAndRubyTests.swift */ = {isa = PBXFileReference; lastKnownFileType = sourcecode.swift; path = EnemiesAndRubyTests.swift; sourceTree = "<group>"; };
		5368780B209CB92C00720556 /* NibLoadableTests.swift */ = {isa = PBXFileReference; lastKnownFileType = sourcecode.swift; path = NibLoadableTests.swift; sourceTree = "<group>"; };
		5368780D209CBDC500720556 /* GameOverViewModelMock.swift */ = {isa = PBXFileReference; lastKnownFileType = sourcecode.swift; path = GameOverViewModelMock.swift; sourceTree = "<group>"; };
		53845F55208A128800C35DFA /* PhysicsComparableTests.swift */ = {isa = PBXFileReference; lastKnownFileType = sourcecode.swift; path = PhysicsComparableTests.swift; sourceTree = "<group>"; };
		53845F59208A22E400C35DFA /* LocalizableTests.swift */ = {isa = PBXFileReference; lastKnownFileType = sourcecode.swift; path = LocalizableTests.swift; sourceTree = "<group>"; };
		5392702720889066001E21A8 /* RecordsCoordinator.swift */ = {isa = PBXFileReference; lastKnownFileType = sourcecode.swift; path = RecordsCoordinator.swift; sourceTree = "<group>"; };
		539270292088906E001E21A8 /* RecordsViewModel.swift */ = {isa = PBXFileReference; lastKnownFileType = sourcecode.swift; path = RecordsViewModel.swift; sourceTree = "<group>"; };
		5392702B20889083001E21A8 /* RecordsViewController.swift */ = {isa = PBXFileReference; lastKnownFileType = sourcecode.swift; path = RecordsViewController.swift; sourceTree = "<group>"; };
		5392702C20889083001E21A8 /* RecordsViewController.xib */ = {isa = PBXFileReference; lastKnownFileType = file.xib; path = RecordsViewController.xib; sourceTree = "<group>"; };
		539270332088EACA001E21A8 /* SplashyTests.xctest */ = {isa = PBXFileReference; explicitFileType = wrapper.cfbundle; includeInIndex = 0; path = SplashyTests.xctest; sourceTree = BUILT_PRODUCTS_DIR; };
		539270372088EACA001E21A8 /* Info.plist */ = {isa = PBXFileReference; lastKnownFileType = text.plist.xml; path = Info.plist; sourceTree = "<group>"; };
		539270402088EB9B001E21A8 /* SpriteFactoryTests.swift */ = {isa = PBXFileReference; lastKnownFileType = sourcecode.swift; path = SpriteFactoryTests.swift; sourceTree = "<group>"; };
		539B56902084B9EF00EBFACC /* BoostType.swift */ = {isa = PBXFileReference; lastKnownFileType = sourcecode.swift; path = BoostType.swift; sourceTree = "<group>"; };
		53E1B09C2089E6B30086BCB7 /* RecordsManagerMock.swift */ = {isa = PBXFileReference; lastKnownFileType = sourcecode.swift; path = RecordsManagerMock.swift; sourceTree = "<group>"; };
		53E1B09F2089F2FB0086BCB7 /* GameOverViewModelTests.swift */ = {isa = PBXFileReference; lastKnownFileType = sourcecode.swift; path = GameOverViewModelTests.swift; sourceTree = "<group>"; };
		53E1B0A32089FF500086BCB7 /* BoostTypeTests.swift */ = {isa = PBXFileReference; lastKnownFileType = sourcecode.swift; path = BoostTypeTests.swift; sourceTree = "<group>"; };
		53E1B0A6208A01250086BCB7 /* CoordinatorTests.swift */ = {isa = PBXFileReference; lastKnownFileType = sourcecode.swift; path = CoordinatorTests.swift; sourceTree = "<group>"; };
		53E1B0A8208A04190086BCB7 /* HomeCoordinatorMock.swift */ = {isa = PBXFileReference; lastKnownFileType = sourcecode.swift; path = HomeCoordinatorMock.swift; sourceTree = "<group>"; };
		53E1B0AA208A04250086BCB7 /* GameCoordinatorMock.swift */ = {isa = PBXFileReference; lastKnownFileType = sourcecode.swift; path = GameCoordinatorMock.swift; sourceTree = "<group>"; };
		53E1B0AD208A07C00086BCB7 /* BindableTests.swift */ = {isa = PBXFileReference; lastKnownFileType = sourcecode.swift; path = BindableTests.swift; sourceTree = "<group>"; };
		53E1B0B1208A0D330086BCB7 /* NodeCollidingTests.swift */ = {isa = PBXFileReference; lastKnownFileType = sourcecode.swift; path = NodeCollidingTests.swift; sourceTree = "<group>"; };
		DF045FC0201A9CA200349006 /* SpriteFactory.swift */ = {isa = PBXFileReference; lastKnownFileType = sourcecode.swift; path = SpriteFactory.swift; sourceTree = "<group>"; };
		DF0FC4602017E07E00165600 /* HomeCoordinator.swift */ = {isa = PBXFileReference; indentWidth = 3; lastKnownFileType = sourcecode.swift; path = HomeCoordinator.swift; sourceTree = "<group>"; tabWidth = 3; };
		DF0FC4632017E26800165600 /* HomeViewController.swift */ = {isa = PBXFileReference; indentWidth = 4; lastKnownFileType = sourcecode.swift; path = HomeViewController.swift; sourceTree = "<group>"; tabWidth = 4; usesTabs = 1; };
		DF0FC4642017E26800165600 /* HomeViewController.xib */ = {isa = PBXFileReference; lastKnownFileType = file.xib; path = HomeViewController.xib; sourceTree = "<group>"; };
		DF0FC4672017E29600165600 /* HomeViewModel.swift */ = {isa = PBXFileReference; lastKnownFileType = sourcecode.swift; path = HomeViewModel.swift; sourceTree = "<group>"; };
		DF0FC4692017E3E700165600 /* Identifiable.swift */ = {isa = PBXFileReference; lastKnownFileType = sourcecode.swift; path = Identifiable.swift; sourceTree = "<group>"; };
		DF0FC46D2017E81200165600 /* Roundable.swift */ = {isa = PBXFileReference; lastKnownFileType = sourcecode.swift; path = Roundable.swift; sourceTree = "<group>"; };
		DF0FC4702017E8A900165600 /* DesignConstants.swift */ = {isa = PBXFileReference; lastKnownFileType = sourcecode.swift; path = DesignConstants.swift; sourceTree = "<group>"; };
		DF0FC4722017E91200165600 /* UIViewController.swift */ = {isa = PBXFileReference; lastKnownFileType = sourcecode.swift; path = UIViewController.swift; sourceTree = "<group>"; };
		DF0FC4792017ECCF00165600 /* en */ = {isa = PBXFileReference; lastKnownFileType = text.plist.strings; name = en; path = en.lproj/Localizable.strings; sourceTree = "<group>"; };
		DF0FC47B2017ED0600165600 /* String.swift */ = {isa = PBXFileReference; lastKnownFileType = sourcecode.swift; path = String.swift; sourceTree = "<group>"; };
		DF0FC4842017EEAB00165600 /* GameCoordinator.swift */ = {isa = PBXFileReference; lastKnownFileType = sourcecode.swift; path = GameCoordinator.swift; sourceTree = "<group>"; };
		DF0FC4862017EEB800165600 /* GameViewModel.swift */ = {isa = PBXFileReference; lastKnownFileType = sourcecode.swift; path = GameViewModel.swift; sourceTree = "<group>"; };
		DF0FC48A2017EEDC00165600 /* GameViewController.swift */ = {isa = PBXFileReference; lastKnownFileType = sourcecode.swift; path = GameViewController.swift; sourceTree = "<group>"; };
		DF0FC48B2017EEDC00165600 /* GameViewController.xib */ = {isa = PBXFileReference; lastKnownFileType = file.xib; path = GameViewController.xib; sourceTree = "<group>"; };
		DF0FC48E2017F38400165600 /* GameScene.swift */ = {isa = PBXFileReference; indentWidth = 4; lastKnownFileType = sourcecode.swift; path = GameScene.swift; sourceTree = "<group>"; tabWidth = 4; usesTabs = 1; };
		DF0FC4902017F40000165600 /* SpriteType.swift */ = {isa = PBXFileReference; lastKnownFileType = sourcecode.swift; path = SpriteType.swift; sourceTree = "<group>"; };
		DF1CB3E72042282700164F8E /* AnimationEnums.swift */ = {isa = PBXFileReference; lastKnownFileType = sourcecode.swift; path = AnimationEnums.swift; sourceTree = "<group>"; };
		DF2D4684201FCA0F00F87D49 /* YIKES!__.TTF */ = {isa = PBXFileReference; lastKnownFileType = file; path = "YIKES!__.TTF"; sourceTree = "<group>"; };
		DF2D4686201FCC6400F87D49 /* UIView.swift */ = {isa = PBXFileReference; lastKnownFileType = sourcecode.swift; path = UIView.swift; sourceTree = "<group>"; };
		DF3456D7204ADAB800BBC077 /* NibLoadable.swift */ = {isa = PBXFileReference; lastKnownFileType = sourcecode.swift; path = NibLoadable.swift; sourceTree = "<group>"; };
		DF3456D9204ADAFE00BBC077 /* Localizable.swift */ = {isa = PBXFileReference; lastKnownFileType = sourcecode.swift; path = Localizable.swift; sourceTree = "<group>"; };
		DF3456DB204ADB8400BBC077 /* Randomizable.swift */ = {isa = PBXFileReference; lastKnownFileType = sourcecode.swift; path = Randomizable.swift; sourceTree = "<group>"; };
		DF3456DD204ADBC700BBC077 /* PhysicsComparable.swift */ = {isa = PBXFileReference; lastKnownFileType = sourcecode.swift; path = PhysicsComparable.swift; sourceTree = "<group>"; };
		DF3DE3B82044C27E00825680 /* GameOverCoordinator.swift */ = {isa = PBXFileReference; lastKnownFileType = sourcecode.swift; path = GameOverCoordinator.swift; sourceTree = "<group>"; };
		DF3DE3BA2044C28B00825680 /* GameOverViewModel.swift */ = {isa = PBXFileReference; lastKnownFileType = sourcecode.swift; path = GameOverViewModel.swift; sourceTree = "<group>"; };
		DF3DE3BC2044C2A600825680 /* GameOverViewController.swift */ = {isa = PBXFileReference; lastKnownFileType = sourcecode.swift; path = GameOverViewController.swift; sourceTree = "<group>"; };
		DF3DE3BD2044C2A600825680 /* GameOverViewController.xib */ = {isa = PBXFileReference; lastKnownFileType = file.xib; path = GameOverViewController.xib; sourceTree = "<group>"; };
		DF45A6542016A91200C46D8E /* AppCoordinator.swift */ = {isa = PBXFileReference; lastKnownFileType = sourcecode.swift; path = AppCoordinator.swift; sourceTree = "<group>"; };
		DF45A6562016B16900C46D8E /* Coordinator.swift */ = {isa = PBXFileReference; lastKnownFileType = sourcecode.swift; path = Coordinator.swift; sourceTree = "<group>"; };
		DF724AFE201BDDA900E4576B /* CGFloat.swift */ = {isa = PBXFileReference; lastKnownFileType = sourcecode.swift; path = CGFloat.swift; sourceTree = "<group>"; };
		DF8C5916201684990022F2CF /* Splashy.app */ = {isa = PBXFileReference; explicitFileType = wrapper.application; includeInIndex = 0; path = Splashy.app; sourceTree = BUILT_PRODUCTS_DIR; };
		DF8C5919201684990022F2CF /* AppDelegate.swift */ = {isa = PBXFileReference; lastKnownFileType = sourcecode.swift; path = AppDelegate.swift; sourceTree = "<group>"; };
		DF8C5926201684990022F2CF /* Assets.xcassets */ = {isa = PBXFileReference; lastKnownFileType = folder.assetcatalog; path = Assets.xcassets; sourceTree = "<group>"; };
		DF8C5929201684990022F2CF /* Base */ = {isa = PBXFileReference; lastKnownFileType = file.storyboard; name = Base; path = Base.lproj/LaunchScreen.storyboard; sourceTree = "<group>"; };
		DF8C592B201684990022F2CF /* Info.plist */ = {isa = PBXFileReference; lastKnownFileType = text.plist.xml; path = Info.plist; sourceTree = "<group>"; };
		DFA675A6201957AA00543CEE /* GameConstants.swift */ = {isa = PBXFileReference; indentWidth = 3; lastKnownFileType = sourcecode.swift; path = GameConstants.swift; sourceTree = "<group>"; tabWidth = 3; };
		DFB9626B201E898B00AF7EBE /* SKPhysicsBody.swift */ = {isa = PBXFileReference; lastKnownFileType = sourcecode.swift; path = SKPhysicsBody.swift; sourceTree = "<group>"; };
		DFBA9AA62022556900021F19 /* Splashy.swift */ = {isa = PBXFileReference; lastKnownFileType = sourcecode.swift; path = Splashy.swift; sourceTree = "<group>"; };
		DFBA9AAA202259F200021F19 /* Loader.swift */ = {isa = PBXFileReference; lastKnownFileType = sourcecode.swift; path = Loader.swift; sourceTree = "<group>"; };
		DFBA9AAC20225D0B00021F19 /* Enemy.swift */ = {isa = PBXFileReference; lastKnownFileType = sourcecode.swift; path = Enemy.swift; sourceTree = "<group>"; };
		DFBA9AAE20225DA300021F19 /* EnemiesAndRuby.swift */ = {isa = PBXFileReference; lastKnownFileType = sourcecode.swift; path = EnemiesAndRuby.swift; sourceTree = "<group>"; };
		DFBA9AB020225DBB00021F19 /* Ruby.swift */ = {isa = PBXFileReference; lastKnownFileType = sourcecode.swift; path = Ruby.swift; sourceTree = "<group>"; };
		DFC6C4492045EB3600BAD25D /* GameOverView.swift */ = {isa = PBXFileReference; lastKnownFileType = sourcecode.swift; path = GameOverView.swift; sourceTree = "<group>"; };
		DFC6C44B2045EB5300BAD25D /* GameOverView.xib */ = {isa = PBXFileReference; lastKnownFileType = file.xib; path = GameOverView.xib; sourceTree = "<group>"; };
		DFECCC1B20630E02000A6BDD /* Assets.swift */ = {isa = PBXFileReference; lastKnownFileType = sourcecode.swift; path = Assets.swift; sourceTree = "<group>"; };
		DFF320292061B90C00DCCB49 /* StandardButton.swift */ = {isa = PBXFileReference; lastKnownFileType = sourcecode.swift; path = StandardButton.swift; sourceTree = "<group>"; };
/* End PBXFileReference section */

/* Begin PBXFrameworksBuildPhase section */
		539270302088EACA001E21A8 /* Frameworks */ = {
			isa = PBXFrameworksBuildPhase;
			buildActionMask = 2147483647;
			files = (
			);
			runOnlyForDeploymentPostprocessing = 0;
		};
		DF8C5913201684990022F2CF /* Frameworks */ = {
			isa = PBXFrameworksBuildPhase;
			buildActionMask = 2147483647;
			files = (
			);
			runOnlyForDeploymentPostprocessing = 0;
		};
/* End PBXFrameworksBuildPhase section */

/* Begin PBXGroup section */
		0F38C7C4201D32F500AC9902 /* Generics */ = {
			isa = PBXGroup;
			children = (
				0F38C7C6201D332F00AC9902 /* Bindable.swift */,
			);
			path = Generics;
			sourceTree = "<group>";
		};
		0F38C7C5201D330100AC9902 /* Factories */ = {
			isa = PBXGroup;
			children = (
				DF045FC0201A9CA200349006 /* SpriteFactory.swift */,
			);
			path = Factories;
			sourceTree = "<group>";
		};
		5305576F2087460F0017BCEE /* Managers */ = {
			isa = PBXGroup;
			children = (
				530557702087462C0017BCEE /* RecordsManager.swift */,
			);
			path = Managers;
			sourceTree = "<group>";
		};
		53271B122089DD35004D6676 /* Contexts */ = {
			isa = PBXGroup;
			children = (
				53271B132089DD42004D6676 /* Game */,
				53E1B09E2089F2E20086BCB7 /* Game Over */,
			);
			path = Contexts;
			sourceTree = "<group>";
		};
		53271B132089DD42004D6676 /* Game */ = {
			isa = PBXGroup;
			children = (
				53271B142089DD50004D6676 /* GameViewModelTests.swift */,
			);
			path = Game;
			sourceTree = "<group>";
		};
		53338B792097697000D96681 /* Nodes */ = {
			isa = PBXGroup;
			children = (
				53338B7C20976BB600D96681 /* EnemyTests.swift */,
				53687805209CB0B700720556 /* RubyTests.swift */,
				53687807209CB2A300720556 /* SplashyTests.swift */,
				53687809209CB6F100720556 /* EnemiesAndRubyTests.swift */,
			);
			path = Nodes;
			sourceTree = "<group>";
		};
		536877FD209C9A8F00720556 /* Utils */ = {
			isa = PBXGroup;
			children = (
				536877FE209C9AB500720556 /* LoaderTests.swift */,
			);
			path = Utils;
			sourceTree = "<group>";
		};
		53687800209C9F0500720556 /* Reusable User-Interface */ = {
			isa = PBXGroup;
			children = (
				53687801209C9F3B00720556 /* StandardButtonTests.swift */,
				53687803209CA84A00720556 /* CountingLabelTests.swift */,
			);
			path = "Reusable User-Interface";
			sourceTree = "<group>";
		};
		53845F5B208A419B00C35DFA /* Managers */ = {
			isa = PBXGroup;
			children = (
			);
			path = Managers;
			sourceTree = "<group>";
		};
		5392702620889046001E21A8 /* Records */ = {
			isa = PBXGroup;
			children = (
				5392702720889066001E21A8 /* RecordsCoordinator.swift */,
				539270292088906E001E21A8 /* RecordsViewModel.swift */,
				5392702B20889083001E21A8 /* RecordsViewController.swift */,
				5392702C20889083001E21A8 /* RecordsViewController.xib */,
			);
			path = Records;
			sourceTree = "<group>";
		};
		539270342088EACA001E21A8 /* SplashyTests */ = {
			isa = PBXGroup;
			children = (
				53E1B09B2089E69F0086BCB7 /* Mocks */,
				53271B122089DD35004D6676 /* Contexts */,
				5392703D2088EB38001E21A8 /* Classes */,
				53687800209C9F0500720556 /* Reusable User-Interface */,
				536877FD209C9A8F00720556 /* Utils */,
				539270372088EACA001E21A8 /* Info.plist */,
			);
			path = SplashyTests;
			sourceTree = "<group>";
		};
		5392703D2088EB38001E21A8 /* Classes */ = {
			isa = PBXGroup;
			children = (
				53338B792097697000D96681 /* Nodes */,
				53845F5B208A419B00C35DFA /* Managers */,
				53E1B0AC208A07AE0086BCB7 /* Generics */,
				53E1B0A5208A01100086BCB7 /* Protocols */,
				53E1B0A22089FF3A0086BCB7 /* Enumerations */,
				5392703E2088EB53001E21A8 /* Factories */,
			);
			path = Classes;
			sourceTree = "<group>";
		};
		5392703E2088EB53001E21A8 /* Factories */ = {
			isa = PBXGroup;
			children = (
				539270402088EB9B001E21A8 /* SpriteFactoryTests.swift */,
			);
			path = Factories;
			sourceTree = "<group>";
		};
		53E1B09B2089E69F0086BCB7 /* Mocks */ = {
			isa = PBXGroup;
			children = (
				53E1B09C2089E6B30086BCB7 /* RecordsManagerMock.swift */,
				53E1B0A8208A04190086BCB7 /* HomeCoordinatorMock.swift */,
				53E1B0AA208A04250086BCB7 /* GameCoordinatorMock.swift */,
				5368780D209CBDC500720556 /* GameOverViewModelMock.swift */,
			);
			path = Mocks;
			sourceTree = "<group>";
		};
		53E1B09E2089F2E20086BCB7 /* Game Over */ = {
			isa = PBXGroup;
			children = (
				53E1B09F2089F2FB0086BCB7 /* GameOverViewModelTests.swift */,
			);
			path = "Game Over";
			sourceTree = "<group>";
		};
		53E1B0A22089FF3A0086BCB7 /* Enumerations */ = {
			isa = PBXGroup;
			children = (
				53E1B0A32089FF500086BCB7 /* BoostTypeTests.swift */,
			);
			path = Enumerations;
			sourceTree = "<group>";
		};
		53E1B0A5208A01100086BCB7 /* Protocols */ = {
			isa = PBXGroup;
			children = (
				53E1B0A6208A01250086BCB7 /* CoordinatorTests.swift */,
				53E1B0B1208A0D330086BCB7 /* NodeCollidingTests.swift */,
				53845F55208A128800C35DFA /* PhysicsComparableTests.swift */,
				53845F59208A22E400C35DFA /* LocalizableTests.swift */,
				5368780B209CB92C00720556 /* NibLoadableTests.swift */,
			);
			path = Protocols;
			sourceTree = "<group>";
		};
		53E1B0AC208A07AE0086BCB7 /* Generics */ = {
			isa = PBXGroup;
			children = (
				53E1B0AD208A07C00086BCB7 /* BindableTests.swift */,
			);
			path = Generics;
			sourceTree = "<group>";
		};
		DF045FC2201A9E6000349006 /* Classes */ = {
			isa = PBXGroup;
			children = (
				5305576F2087460F0017BCEE /* Managers */,
				DFBA9AA52022555C00021F19 /* Nodes */,
				DF8C59332016A7290022F2CF /* Extensions */,
				DF8C59342016A7340022F2CF /* Protocols */,
				DF8C59322016A71F0022F2CF /* Enumerations */,
				0F38C7C5201D330100AC9902 /* Factories */,
				0F38C7C4201D32F500AC9902 /* Generics */,
			);
			path = Classes;
			sourceTree = "<group>";
		};
		DF0FC46F2017E88E00165600 /* Utils */ = {
			isa = PBXGroup;
			children = (
				DF0FC4702017E8A900165600 /* DesignConstants.swift */,
				DFA675A6201957AA00543CEE /* GameConstants.swift */,
				DFBA9AAA202259F200021F19 /* Loader.swift */,
				DFECCC1B20630E02000A6BDD /* Assets.swift */,
			);
			path = Utils;
			sourceTree = "<group>";
		};
		DF0FC47D2017EE4400165600 /* Game */ = {
			isa = PBXGroup;
			children = (
				DF0FC4842017EEAB00165600 /* GameCoordinator.swift */,
				DF0FC4862017EEB800165600 /* GameViewModel.swift */,
				DF0FC48B2017EEDC00165600 /* GameViewController.xib */,
				DF0FC48A2017EEDC00165600 /* GameViewController.swift */,
				DF0FC48E2017F38400165600 /* GameScene.swift */,
				535CC2AA2084AA59007D7FD6 /* ScoreView.xib */,
				535CC2AC2084AC15007D7FD6 /* ScoreView.swift */,
			);
			path = Game;
			sourceTree = "<group>";
		};
		DF2D4683201FC9DD00F87D49 /* Fonts */ = {
			isa = PBXGroup;
			children = (
				DF2D4684201FCA0F00F87D49 /* YIKES!__.TTF */,
			);
			path = Fonts;
			sourceTree = "<group>";
		};
		DF45A6582016B2D900C46D8E /* Home */ = {
			isa = PBXGroup;
			children = (
				DF0FC4602017E07E00165600 /* HomeCoordinator.swift */,
				DF0FC4672017E29600165600 /* HomeViewModel.swift */,
				DF0FC4642017E26800165600 /* HomeViewController.xib */,
				DF0FC4632017E26800165600 /* HomeViewController.swift */,
			);
			path = Home;
			sourceTree = "<group>";
		};
		DF4F7FF920436AE2008B2B2C /* Game Over */ = {
			isa = PBXGroup;
			children = (
				DF3DE3B82044C27E00825680 /* GameOverCoordinator.swift */,
				DF3DE3BA2044C28B00825680 /* GameOverViewModel.swift */,
				DF3DE3BC2044C2A600825680 /* GameOverViewController.swift */,
				DF3DE3BD2044C2A600825680 /* GameOverViewController.xib */,
				DFC6C4492045EB3600BAD25D /* GameOverView.swift */,
				DFC6C44B2045EB5300BAD25D /* GameOverView.xib */,
			);
			path = "Game Over";
			sourceTree = "<group>";
		};
		DF8C590D201684990022F2CF = {
			isa = PBXGroup;
			children = (
				DF8C5918201684990022F2CF /* Splashy */,
				539270342088EACA001E21A8 /* SplashyTests */,
				DF8C5917201684990022F2CF /* Products */,
			);
			sourceTree = "<group>";
		};
		DF8C5917201684990022F2CF /* Products */ = {
			isa = PBXGroup;
			children = (
				DF8C5916201684990022F2CF /* Splashy.app */,
				539270332088EACA001E21A8 /* SplashyTests.xctest */,
			);
			name = Products;
			sourceTree = "<group>";
		};
		DF8C5918201684990022F2CF /* Splashy */ = {
			isa = PBXGroup;
			children = (
				DF8C59372016A75C0022F2CF /* App */,
				DF8C59312016A7080022F2CF /* Contexts */,
				DF045FC2201A9E6000349006 /* Classes */,
				DFF320282061B8B700DCCB49 /* Reusable User-Interface */,
				DF0FC46F2017E88E00165600 /* Utils */,
				DF8C59352016A7400022F2CF /* Resources */,
				DF8C59362016A7510022F2CF /* Configurations */,
			);
			path = Splashy;
			sourceTree = "<group>";
		};
		DF8C59312016A7080022F2CF /* Contexts */ = {
			isa = PBXGroup;
			children = (
				DF45A6582016B2D900C46D8E /* Home */,
				DF0FC47D2017EE4400165600 /* Game */,
				DF4F7FF920436AE2008B2B2C /* Game Over */,
				5392702620889046001E21A8 /* Records */,
			);
			path = Contexts;
			sourceTree = "<group>";
		};
		DF8C59322016A71F0022F2CF /* Enumerations */ = {
			isa = PBXGroup;
			children = (
				DF0FC4902017F40000165600 /* SpriteType.swift */,
				DF1CB3E72042282700164F8E /* AnimationEnums.swift */,
				539B56902084B9EF00EBFACC /* BoostType.swift */,
			);
			path = Enumerations;
			sourceTree = "<group>";
		};
		DF8C59332016A7290022F2CF /* Extensions */ = {
			isa = PBXGroup;
			children = (
				DF0FC4722017E91200165600 /* UIViewController.swift */,
				DF0FC47B2017ED0600165600 /* String.swift */,
				DF724AFE201BDDA900E4576B /* CGFloat.swift */,
				DFB9626B201E898B00AF7EBE /* SKPhysicsBody.swift */,
				DF2D4686201FCC6400F87D49 /* UIView.swift */,
			);
			path = Extensions;
			sourceTree = "<group>";
		};
		DF8C59342016A7340022F2CF /* Protocols */ = {
			isa = PBXGroup;
			children = (
				DF45A6562016B16900C46D8E /* Coordinator.swift */,
				DF0FC4692017E3E700165600 /* Identifiable.swift */,
				DF0FC46D2017E81200165600 /* Roundable.swift */,
				DF3456D7204ADAB800BBC077 /* NibLoadable.swift */,
				DF3456D9204ADAFE00BBC077 /* Localizable.swift */,
				DF3456DB204ADB8400BBC077 /* Randomizable.swift */,
				DF3456DD204ADBC700BBC077 /* PhysicsComparable.swift */,
				5366C3812080B61900299A4C /* NodeColliding.swift */,
			);
			path = Protocols;
			sourceTree = "<group>";
		};
		DF8C59352016A7400022F2CF /* Resources */ = {
			isa = PBXGroup;
			children = (
				DF2D4683201FC9DD00F87D49 /* Fonts */,
				DF8C5928201684990022F2CF /* LaunchScreen.storyboard */,
				DF8C5926201684990022F2CF /* Assets.xcassets */,
				DF0FC47A2017ECCF00165600 /* Localizable.strings */,
			);
			path = Resources;
			sourceTree = "<group>";
		};
		DF8C59362016A7510022F2CF /* Configurations */ = {
			isa = PBXGroup;
			children = (
				DF8C592B201684990022F2CF /* Info.plist */,
			);
			path = Configurations;
			sourceTree = "<group>";
		};
		DF8C59372016A75C0022F2CF /* App */ = {
			isa = PBXGroup;
			children = (
				DF8C5919201684990022F2CF /* AppDelegate.swift */,
				DF45A6542016A91200C46D8E /* AppCoordinator.swift */,
			);
			path = App;
			sourceTree = "<group>";
		};
		DFBA9AA52022555C00021F19 /* Nodes */ = {
			isa = PBXGroup;
			children = (
				DFBA9AA62022556900021F19 /* Splashy.swift */,
				DFBA9AAC20225D0B00021F19 /* Enemy.swift */,
				DFBA9AB020225DBB00021F19 /* Ruby.swift */,
				DFBA9AAE20225DA300021F19 /* EnemiesAndRuby.swift */,
			);
			path = Nodes;
			sourceTree = "<group>";
		};
		DFF320282061B8B700DCCB49 /* Reusable User-Interface */ = {
			isa = PBXGroup;
			children = (
				DFF320292061B90C00DCCB49 /* StandardButton.swift */,
				5305577220879FB80017BCEE /* CountingLabel.swift */,
			);
			path = "Reusable User-Interface";
			sourceTree = "<group>";
		};
/* End PBXGroup section */

/* Begin PBXNativeTarget section */
		539270322088EACA001E21A8 /* SplashyTests */ = {
			isa = PBXNativeTarget;
			buildConfigurationList = 5392703A2088EACA001E21A8 /* Build configuration list for PBXNativeTarget "SplashyTests" */;
			buildPhases = (
				5392702F2088EACA001E21A8 /* Sources */,
				539270302088EACA001E21A8 /* Frameworks */,
				539270312088EACA001E21A8 /* Resources */,
			);
			buildRules = (
			);
			dependencies = (
				539270392088EACA001E21A8 /* PBXTargetDependency */,
			);
			name = SplashyTests;
			productName = SplashyTests;
			productReference = 539270332088EACA001E21A8 /* SplashyTests.xctest */;
			productType = "com.apple.product-type.bundle.unit-test";
		};
		DF8C5915201684990022F2CF /* Splashy */ = {
			isa = PBXNativeTarget;
			buildConfigurationList = DF8C592E201684990022F2CF /* Build configuration list for PBXNativeTarget "Splashy" */;
			buildPhases = (
				DF8C5912201684990022F2CF /* Sources */,
				DF8C5913201684990022F2CF /* Frameworks */,
				DF8C5914201684990022F2CF /* Resources */,
			);
			buildRules = (
			);
			dependencies = (
			);
			name = Splashy;
			productName = Splashy;
			productReference = DF8C5916201684990022F2CF /* Splashy.app */;
			productType = "com.apple.product-type.application";
		};
/* End PBXNativeTarget section */

/* Begin PBXProject section */
		DF8C590E201684990022F2CF /* Project object */ = {
			isa = PBXProject;
			attributes = {
				LastSwiftUpdateCheck = 0930;
				LastUpgradeCheck = 0930;
				ORGANIZATIONNAME = "Pedro Carrasco";
				TargetAttributes = {
					539270322088EACA001E21A8 = {
						CreatedOnToolsVersion = 9.3;
						LastSwiftMigration = 0930;
						ProvisioningStyle = Automatic;
						TestTargetID = DF8C5915201684990022F2CF;
					};
					DF8C5915201684990022F2CF = {
						CreatedOnToolsVersion = 9.2;
						ProvisioningStyle = Automatic;
					};
				};
			};
			buildConfigurationList = DF8C5911201684990022F2CF /* Build configuration list for PBXProject "Splashy" */;
			compatibilityVersion = "Xcode 8.0";
			developmentRegion = en;
			hasScannedForEncodings = 0;
			knownRegions = (
				en,
				Base,
			);
			mainGroup = DF8C590D201684990022F2CF;
			productRefGroup = DF8C5917201684990022F2CF /* Products */;
			projectDirPath = "";
			projectRoot = "";
			targets = (
				DF8C5915201684990022F2CF /* Splashy */,
				539270322088EACA001E21A8 /* SplashyTests */,
			);
		};
/* End PBXProject section */

/* Begin PBXResourcesBuildPhase section */
		539270312088EACA001E21A8 /* Resources */ = {
			isa = PBXResourcesBuildPhase;
			buildActionMask = 2147483647;
			files = (
			);
			runOnlyForDeploymentPostprocessing = 0;
		};
		DF8C5914201684990022F2CF /* Resources */ = {
			isa = PBXResourcesBuildPhase;
			buildActionMask = 2147483647;
			files = (
				DF8C5927201684990022F2CF /* Assets.xcassets in Resources */,
				5392702E20889083001E21A8 /* RecordsViewController.xib in Resources */,
				535CC2AB2084AA59007D7FD6 /* ScoreView.xib in Resources */,
				DF2D4685201FCA0F00F87D49 /* YIKES!__.TTF in Resources */,
				DFC6C44C2045EB5300BAD25D /* GameOverView.xib in Resources */,
				DF0FC4782017ECCF00165600 /* Localizable.strings in Resources */,
				DF8C592A201684990022F2CF /* LaunchScreen.storyboard in Resources */,
				DF0FC4662017E26800165600 /* HomeViewController.xib in Resources */,
				DF0FC48D2017EEDC00165600 /* GameViewController.xib in Resources */,
				DF3DE3BF2044C2A600825680 /* GameOverViewController.xib in Resources */,
			);
			runOnlyForDeploymentPostprocessing = 0;
		};
/* End PBXResourcesBuildPhase section */

/* Begin PBXSourcesBuildPhase section */
		5392702F2088EACA001E21A8 /* Sources */ = {
			isa = PBXSourcesBuildPhase;
			buildActionMask = 2147483647;
			files = (
				53E1B0AB208A04250086BCB7 /* GameCoordinatorMock.swift in Sources */,
				5368780C209CB92C00720556 /* NibLoadableTests.swift in Sources */,
				53E1B0A02089F2FB0086BCB7 /* GameOverViewModelTests.swift in Sources */,
				536877FF209C9AB500720556 /* LoaderTests.swift in Sources */,
				53E1B09D2089E6B30086BCB7 /* RecordsManagerMock.swift in Sources */,
				53E1B0B2208A0D330086BCB7 /* NodeCollidingTests.swift in Sources */,
				53E1B0A9208A04190086BCB7 /* HomeCoordinatorMock.swift in Sources */,
				5368780A209CB6F100720556 /* EnemiesAndRubyTests.swift in Sources */,
				53E1B0A7208A01250086BCB7 /* CoordinatorTests.swift in Sources */,
				53845F5A208A22E400C35DFA /* LocalizableTests.swift in Sources */,
				53687808209CB2A300720556 /* SplashyTests.swift in Sources */,
				53338B7D20976BB600D96681 /* EnemyTests.swift in Sources */,
				53845F56208A128800C35DFA /* PhysicsComparableTests.swift in Sources */,
				53687802209C9F3B00720556 /* StandardButtonTests.swift in Sources */,
				53E1B0AE208A07C00086BCB7 /* BindableTests.swift in Sources */,
				53687806209CB0B700720556 /* RubyTests.swift in Sources */,
				53271B152089DD50004D6676 /* GameViewModelTests.swift in Sources */,
				5368780E209CBDC500720556 /* GameOverViewModelMock.swift in Sources */,
				53687804209CA84A00720556 /* CountingLabelTests.swift in Sources */,
				53E1B0A42089FF500086BCB7 /* BoostTypeTests.swift in Sources */,
				539270412088EB9B001E21A8 /* SpriteFactoryTests.swift in Sources */,
			);
			runOnlyForDeploymentPostprocessing = 0;
		};
		DF8C5912201684990022F2CF /* Sources */ = {
			isa = PBXSourcesBuildPhase;
			buildActionMask = 2147483647;
			files = (
				DF0FC4652017E26800165600 /* HomeViewController.swift in Sources */,
				DF3456D8204ADAB800BBC077 /* NibLoadable.swift in Sources */,
				530557712087462C0017BCEE /* RecordsManager.swift in Sources */,
				DF045FC1201A9CA200349006 /* SpriteFactory.swift in Sources */,
				DFA675A7201957AA00543CEE /* GameConstants.swift in Sources */,
				DFBA9AA72022556900021F19 /* Splashy.swift in Sources */,
				5305577320879FB80017BCEE /* CountingLabel.swift in Sources */,
				DFBA9AB120225DBB00021F19 /* Ruby.swift in Sources */,
				DF0FC4682017E29600165600 /* HomeViewModel.swift in Sources */,
				DFBA9AAD20225D0B00021F19 /* Enemy.swift in Sources */,
				DFECCC1C20630E02000A6BDD /* Assets.swift in Sources */,
				535CC2AD2084AC15007D7FD6 /* ScoreView.swift in Sources */,
				DFB9626C201E898B00AF7EBE /* SKPhysicsBody.swift in Sources */,
				5392702820889066001E21A8 /* RecordsCoordinator.swift in Sources */,
				0F38C7C7201D332F00AC9902 /* Bindable.swift in Sources */,
				DFF3202A2061B90C00DCCB49 /* StandardButton.swift in Sources */,
				DF3DE3B92044C27E00825680 /* GameOverCoordinator.swift in Sources */,
				DF1CB3E82042282700164F8E /* AnimationEnums.swift in Sources */,
				DF0FC4912017F40000165600 /* SpriteType.swift in Sources */,
				DF0FC48F2017F38400165600 /* GameScene.swift in Sources */,
				DF45A6552016A91200C46D8E /* AppCoordinator.swift in Sources */,
				5392702A2088906E001E21A8 /* RecordsViewModel.swift in Sources */,
				DF0FC4712017E8A900165600 /* DesignConstants.swift in Sources */,
				DF0FC4732017E91200165600 /* UIViewController.swift in Sources */,
				DF724AFF201BDDA900E4576B /* CGFloat.swift in Sources */,
				DFBA9AAF20225DA300021F19 /* EnemiesAndRuby.swift in Sources */,
				DF0FC46E2017E81200165600 /* Roundable.swift in Sources */,
				DF0FC4872017EEB800165600 /* GameViewModel.swift in Sources */,
				DF3456DC204ADB8400BBC077 /* Randomizable.swift in Sources */,
				5392702D20889083001E21A8 /* RecordsViewController.swift in Sources */,
				DF3DE3BB2044C28B00825680 /* GameOverViewModel.swift in Sources */,
				DF3456DE204ADBC700BBC077 /* PhysicsComparable.swift in Sources */,
				539B56912084B9EF00EBFACC /* BoostType.swift in Sources */,
				DF3456DA204ADAFE00BBC077 /* Localizable.swift in Sources */,
				DF0FC47C2017ED0600165600 /* String.swift in Sources */,
				DFC6C44A2045EB3600BAD25D /* GameOverView.swift in Sources */,
				DF0FC4612017E07E00165600 /* HomeCoordinator.swift in Sources */,
				DF0FC46A2017E3E700165600 /* Identifiable.swift in Sources */,
				DF0FC48C2017EEDC00165600 /* GameViewController.swift in Sources */,
				5366C3822080B61900299A4C /* NodeColliding.swift in Sources */,
				DF2D4687201FCC6400F87D49 /* UIView.swift in Sources */,
				DFBA9AAB202259F200021F19 /* Loader.swift in Sources */,
				DF3DE3BE2044C2A600825680 /* GameOverViewController.swift in Sources */,
				DF8C591A201684990022F2CF /* AppDelegate.swift in Sources */,
				DF45A6572016B16900C46D8E /* Coordinator.swift in Sources */,
				DF0FC4852017EEAB00165600 /* GameCoordinator.swift in Sources */,
			);
			runOnlyForDeploymentPostprocessing = 0;
		};
/* End PBXSourcesBuildPhase section */

/* Begin PBXTargetDependency section */
		539270392088EACA001E21A8 /* PBXTargetDependency */ = {
			isa = PBXTargetDependency;
			target = DF8C5915201684990022F2CF /* Splashy */;
			targetProxy = 539270382088EACA001E21A8 /* PBXContainerItemProxy */;
		};
/* End PBXTargetDependency section */

/* Begin PBXVariantGroup section */
		DF0FC47A2017ECCF00165600 /* Localizable.strings */ = {
			isa = PBXVariantGroup;
			children = (
				DF0FC4792017ECCF00165600 /* en */,
			);
			name = Localizable.strings;
			sourceTree = "<group>";
		};
		DF8C5928201684990022F2CF /* LaunchScreen.storyboard */ = {
			isa = PBXVariantGroup;
			children = (
				DF8C5929201684990022F2CF /* Base */,
			);
			name = LaunchScreen.storyboard;
			sourceTree = "<group>";
		};
/* End PBXVariantGroup section */

/* Begin XCBuildConfiguration section */
		5392703B2088EACA001E21A8 /* Debug */ = {
			isa = XCBuildConfiguration;
			buildSettings = {
				BUNDLE_LOADER = "$(TEST_HOST)";
				CLANG_ENABLE_MODULES = YES;
				CLANG_ENABLE_OBJC_WEAK = YES;
				CODE_SIGN_STYLE = Automatic;
				DEVELOPMENT_TEAM = 7GE4Q65N57;
				INFOPLIST_FILE = SplashyTests/Info.plist;
				IPHONEOS_DEPLOYMENT_TARGET = 11.3;
				LD_RUNPATH_SEARCH_PATHS = "$(inherited) @executable_path/Frameworks @loader_path/Frameworks";
				PRODUCT_BUNDLE_IDENTIFIER = pedrommcarrasco.SplashyTests;
				PRODUCT_NAME = "$(TARGET_NAME)";
				SWIFT_OPTIMIZATION_LEVEL = "-Onone";
				SWIFT_VERSION = 4.0;
				TARGETED_DEVICE_FAMILY = "1,2";
				TEST_HOST = "$(BUILT_PRODUCTS_DIR)/Splashy.app/Splashy";
			};
			name = Debug;
		};
		5392703C2088EACA001E21A8 /* Release */ = {
			isa = XCBuildConfiguration;
			buildSettings = {
				BUNDLE_LOADER = "$(TEST_HOST)";
				CLANG_ENABLE_MODULES = YES;
				CLANG_ENABLE_OBJC_WEAK = YES;
				CODE_SIGN_STYLE = Automatic;
				DEVELOPMENT_TEAM = 7GE4Q65N57;
				INFOPLIST_FILE = SplashyTests/Info.plist;
				IPHONEOS_DEPLOYMENT_TARGET = 11.3;
				LD_RUNPATH_SEARCH_PATHS = "$(inherited) @executable_path/Frameworks @loader_path/Frameworks";
				PRODUCT_BUNDLE_IDENTIFIER = pedrommcarrasco.SplashyTests;
				PRODUCT_NAME = "$(TARGET_NAME)";
				SWIFT_VERSION = 4.0;
				TARGETED_DEVICE_FAMILY = "1,2";
				TEST_HOST = "$(BUILT_PRODUCTS_DIR)/Splashy.app/Splashy";
			};
			name = Release;
		};
		DF8C592C201684990022F2CF /* Debug */ = {
			isa = XCBuildConfiguration;
			buildSettings = {
				ALWAYS_SEARCH_USER_PATHS = NO;
				CLANG_ANALYZER_NONNULL = YES;
				CLANG_ANALYZER_NUMBER_OBJECT_CONVERSION = YES_AGGRESSIVE;
				CLANG_CXX_LANGUAGE_STANDARD = "gnu++14";
				CLANG_CXX_LIBRARY = "libc++";
				CLANG_ENABLE_MODULES = YES;
				CLANG_ENABLE_OBJC_ARC = YES;
				CLANG_WARN_BLOCK_CAPTURE_AUTORELEASING = YES;
				CLANG_WARN_BOOL_CONVERSION = YES;
				CLANG_WARN_COMMA = YES;
				CLANG_WARN_CONSTANT_CONVERSION = YES;
				CLANG_WARN_DEPRECATED_OBJC_IMPLEMENTATIONS = YES;
				CLANG_WARN_DIRECT_OBJC_ISA_USAGE = YES_ERROR;
				CLANG_WARN_DOCUMENTATION_COMMENTS = YES;
				CLANG_WARN_EMPTY_BODY = YES;
				CLANG_WARN_ENUM_CONVERSION = YES;
				CLANG_WARN_INFINITE_RECURSION = YES;
				CLANG_WARN_INT_CONVERSION = YES;
				CLANG_WARN_NON_LITERAL_NULL_CONVERSION = YES;
				CLANG_WARN_OBJC_IMPLICIT_RETAIN_SELF = YES;
				CLANG_WARN_OBJC_LITERAL_CONVERSION = YES;
				CLANG_WARN_OBJC_ROOT_CLASS = YES_ERROR;
				CLANG_WARN_RANGE_LOOP_ANALYSIS = YES;
				CLANG_WARN_STRICT_PROTOTYPES = YES;
				CLANG_WARN_SUSPICIOUS_MOVE = YES;
				CLANG_WARN_UNGUARDED_AVAILABILITY = YES_AGGRESSIVE;
				CLANG_WARN_UNREACHABLE_CODE = YES;
				CLANG_WARN__DUPLICATE_METHOD_MATCH = YES;
				CODE_SIGN_IDENTITY = "iPhone Developer";
				COPY_PHASE_STRIP = NO;
				DEBUG_INFORMATION_FORMAT = dwarf;
				ENABLE_STRICT_OBJC_MSGSEND = YES;
				ENABLE_TESTABILITY = YES;
				GCC_C_LANGUAGE_STANDARD = gnu11;
				GCC_DYNAMIC_NO_PIC = NO;
				GCC_NO_COMMON_BLOCKS = YES;
				GCC_OPTIMIZATION_LEVEL = 0;
				GCC_PREPROCESSOR_DEFINITIONS = (
					"DEBUG=1",
					"$(inherited)",
				);
				GCC_WARN_64_TO_32_BIT_CONVERSION = YES;
				GCC_WARN_ABOUT_RETURN_TYPE = YES_ERROR;
				GCC_WARN_UNDECLARED_SELECTOR = YES;
				GCC_WARN_UNINITIALIZED_AUTOS = YES_AGGRESSIVE;
				GCC_WARN_UNUSED_FUNCTION = YES;
				GCC_WARN_UNUSED_VARIABLE = YES;
				IPHONEOS_DEPLOYMENT_TARGET = 10.0;
				MTL_ENABLE_DEBUG_INFO = YES;
				ONLY_ACTIVE_ARCH = YES;
				SDKROOT = iphoneos;
				SWIFT_ACTIVE_COMPILATION_CONDITIONS = DEBUG;
				SWIFT_OPTIMIZATION_LEVEL = "-Onone";
			};
			name = Debug;
		};
		DF8C592D201684990022F2CF /* Release */ = {
			isa = XCBuildConfiguration;
			buildSettings = {
				ALWAYS_SEARCH_USER_PATHS = NO;
				CLANG_ANALYZER_NONNULL = YES;
				CLANG_ANALYZER_NUMBER_OBJECT_CONVERSION = YES_AGGRESSIVE;
				CLANG_CXX_LANGUAGE_STANDARD = "gnu++14";
				CLANG_CXX_LIBRARY = "libc++";
				CLANG_ENABLE_MODULES = YES;
				CLANG_ENABLE_OBJC_ARC = YES;
				CLANG_WARN_BLOCK_CAPTURE_AUTORELEASING = YES;
				CLANG_WARN_BOOL_CONVERSION = YES;
				CLANG_WARN_COMMA = YES;
				CLANG_WARN_CONSTANT_CONVERSION = YES;
				CLANG_WARN_DEPRECATED_OBJC_IMPLEMENTATIONS = YES;
				CLANG_WARN_DIRECT_OBJC_ISA_USAGE = YES_ERROR;
				CLANG_WARN_DOCUMENTATION_COMMENTS = YES;
				CLANG_WARN_EMPTY_BODY = YES;
				CLANG_WARN_ENUM_CONVERSION = YES;
				CLANG_WARN_INFINITE_RECURSION = YES;
				CLANG_WARN_INT_CONVERSION = YES;
				CLANG_WARN_NON_LITERAL_NULL_CONVERSION = YES;
				CLANG_WARN_OBJC_IMPLICIT_RETAIN_SELF = YES;
				CLANG_WARN_OBJC_LITERAL_CONVERSION = YES;
				CLANG_WARN_OBJC_ROOT_CLASS = YES_ERROR;
				CLANG_WARN_RANGE_LOOP_ANALYSIS = YES;
				CLANG_WARN_STRICT_PROTOTYPES = YES;
				CLANG_WARN_SUSPICIOUS_MOVE = YES;
				CLANG_WARN_UNGUARDED_AVAILABILITY = YES_AGGRESSIVE;
				CLANG_WARN_UNREACHABLE_CODE = YES;
				CLANG_WARN__DUPLICATE_METHOD_MATCH = YES;
				CODE_SIGN_IDENTITY = "iPhone Developer";
				COPY_PHASE_STRIP = NO;
				DEBUG_INFORMATION_FORMAT = "dwarf-with-dsym";
				ENABLE_NS_ASSERTIONS = NO;
				ENABLE_STRICT_OBJC_MSGSEND = YES;
				GCC_C_LANGUAGE_STANDARD = gnu11;
				GCC_NO_COMMON_BLOCKS = YES;
				GCC_WARN_64_TO_32_BIT_CONVERSION = YES;
				GCC_WARN_ABOUT_RETURN_TYPE = YES_ERROR;
				GCC_WARN_UNDECLARED_SELECTOR = YES;
				GCC_WARN_UNINITIALIZED_AUTOS = YES_AGGRESSIVE;
				GCC_WARN_UNUSED_FUNCTION = YES;
				GCC_WARN_UNUSED_VARIABLE = YES;
				IPHONEOS_DEPLOYMENT_TARGET = 10.0;
				MTL_ENABLE_DEBUG_INFO = NO;
				SDKROOT = iphoneos;
				SWIFT_OPTIMIZATION_LEVEL = "-Owholemodule";
				VALIDATE_PRODUCT = YES;
			};
			name = Release;
		};
		DF8C592F201684990022F2CF /* Debug */ = {
			isa = XCBuildConfiguration;
			buildSettings = {
				ASSETCATALOG_COMPILER_APPICON_NAME = AppIcon;
				CODE_SIGN_STYLE = Automatic;
				DEVELOPMENT_TEAM = 7GE4Q65N57;
				INFOPLIST_FILE = "$(SRCROOT)/Splashy/Configurations/Info.plist";
				LD_RUNPATH_SEARCH_PATHS = "$(inherited) @executable_path/Frameworks";
				PRODUCT_BUNDLE_IDENTIFIER = pedrommcarrasco.Splashy;
				PRODUCT_NAME = "$(TARGET_NAME)";
				SWIFT_VERSION = 4.0;
				TARGETED_DEVICE_FAMILY = 1;
			};
			name = Debug;
		};
		DF8C5930201684990022F2CF /* Release */ = {
			isa = XCBuildConfiguration;
			buildSettings = {
				ASSETCATALOG_COMPILER_APPICON_NAME = AppIcon;
				CODE_SIGN_STYLE = Automatic;
				DEVELOPMENT_TEAM = 7GE4Q65N57;
				INFOPLIST_FILE = "$(SRCROOT)/Splashy/Configurations/Info.plist";
				LD_RUNPATH_SEARCH_PATHS = "$(inherited) @executable_path/Frameworks";
				PRODUCT_BUNDLE_IDENTIFIER = pedrommcarrasco.Splashy;
				PRODUCT_NAME = "$(TARGET_NAME)";
				SWIFT_VERSION = 4.0;
				TARGETED_DEVICE_FAMILY = 1;
			};
			name = Release;
		};
/* End XCBuildConfiguration section */

/* Begin XCConfigurationList section */
		5392703A2088EACA001E21A8 /* Build configuration list for PBXNativeTarget "SplashyTests" */ = {
			isa = XCConfigurationList;
			buildConfigurations = (
				5392703B2088EACA001E21A8 /* Debug */,
				5392703C2088EACA001E21A8 /* Release */,
			);
			defaultConfigurationIsVisible = 0;
			defaultConfigurationName = Release;
		};
		DF8C5911201684990022F2CF /* Build configuration list for PBXProject "Splashy" */ = {
			isa = XCConfigurationList;
			buildConfigurations = (
				DF8C592C201684990022F2CF /* Debug */,
				DF8C592D201684990022F2CF /* Release */,
			);
			defaultConfigurationIsVisible = 0;
			defaultConfigurationName = Release;
		};
		DF8C592E201684990022F2CF /* Build configuration list for PBXNativeTarget "Splashy" */ = {
			isa = XCConfigurationList;
			buildConfigurations = (
				DF8C592F201684990022F2CF /* Debug */,
				DF8C5930201684990022F2CF /* Release */,
			);
			defaultConfigurationIsVisible = 0;
			defaultConfigurationName = Release;
		};
/* End XCConfigurationList section */
	};
	rootObject = DF8C590E201684990022F2CF /* Project object */;
}
